
Microsoft Visual Studio Solution File, Format Version 12.00
# Visual Studio Version 16
VisualStudioVersion = 16.0.31205.134
MinimumVisualStudioVersion = 10.0.40219.1
Project("{9A19103F-16F7-4668-BE54-9A1E7A4F7556}") = "ConsoleApp1", "ConsoleApp1\ConsoleApp1.csproj", "{1590AB48-1481-4331-B577-9AB1E5B4B95E}"
EndProject
Project("{FAE04EC0-301F-11D3-BF4B-00C04F79EFBC}") = "Ex", "Ex\Ex.csproj", "{A4C46ABE-5C87-43E4-AAC4-4E5985753D16}"
EndProject
Global
	GlobalSection(SolutionConfigurationPlatforms) = preSolution
		Debug|Any CPU = Debug|Any CPU
		Release|Any CPU = Release|Any CPU
	EndGlobalSection
	GlobalSection(ProjectConfigurationPlatforms) = postSolution
		{1590AB48-1481-4331-B577-9AB1E5B4B95E}.Debug|Any CPU.ActiveCfg = Debug|Any CPU
		{1590AB48-1481-4331-B577-9AB1E5B4B95E}.Debug|Any CPU.Build.0 = Debug|Any CPU
		{1590AB48-1481-4331-B577-9AB1E5B4B95E}.Release|Any CPU.ActiveCfg = Release|Any CPU
		{1590AB48-1481-4331-B577-9AB1E5B4B95E}.Release|Any CPU.Build.0 = Release|Any CPU
		{A4C46ABE-5C87-43E4-AAC4-4E5985753D16}.Debug|Any CPU.ActiveCfg = Debug|Any CPU
		{A4C46ABE-5C87-43E4-AAC4-4E5985753D16}.Debug|Any CPU.Build.0 = Debug|Any CPU
		{A4C46ABE-5C87-43E4-AAC4-4E5985753D16}.Release|Any CPU.ActiveCfg = Release|Any CPU
		{A4C46ABE-5C87-43E4-AAC4-4E5985753D16}.Release|Any CPU.Build.0 = Release|Any CPU
	EndGlobalSection
	GlobalSection(SolutionProperties) = preSolution
		HideSolutionNode = FALSE
	EndGlobalSection
	GlobalSection(ExtensibilityGlobals) = postSolution
		SolutionGuid = {6462DE11-5FDD-4258-A2D0-E9824FAA9BE5}
	EndGlobalSection
EndGlobal
